// !$*UTF8*$!
{
	archiveVersion = 1;
	classes = {
	};
	objectVersion = 46;
	objects = {

/* Begin PBXBuildFile section */
		AA3B212F1BA304F6002856E0 /* account@2x.png in Resources */ = {isa = PBXBuildFile; fileRef = AA3B21121BA304F6002856E0 /* account@2x.png */; };
		AA3B21301BA304F6002856E0 /* active@2x.png in Resources */ = {isa = PBXBuildFile; fileRef = AA3B21131BA304F6002856E0 /* active@2x.png */; };
		AA3B21311BA304F6002856E0 /* answer@2x.png in Resources */ = {isa = PBXBuildFile; fileRef = AA3B21141BA304F6002856E0 /* answer@2x.png */; };
		AA3B21321BA304F6002856E0 /* big_avatar_loading.png in Resources */ = {isa = PBXBuildFile; fileRef = AA3B21151BA304F6002856E0 /* big_avatar_loading.png */; };
		AA3B21331BA304F6002856E0 /* comment.png in Resources */ = {isa = PBXBuildFile; fileRef = AA3B21161BA304F6002856E0 /* comment.png */; };
		AA3B21341BA304F6002856E0 /* commentlist@2x.png in Resources */ = {isa = PBXBuildFile; fileRef = AA3B21171BA304F6002856E0 /* commentlist@2x.png */; };
		AA3B21351BA304F6002856E0 /* detail@2x.png in Resources */ = {isa = PBXBuildFile; fileRef = AA3B21181BA304F6002856E0 /* detail@2x.png */; };
		AA3B21361BA304F6002856E0 /* exit@2x.png in Resources */ = {isa = PBXBuildFile; fileRef = AA3B21191BA304F6002856E0 /* exit@2x.png */; };
		AA3B21371BA304F6002856E0 /* feedback@2x.png in Resources */ = {isa = PBXBuildFile; fileRef = AA3B211A1BA304F6002856E0 /* feedback@2x.png */; };
		AA3B21381BA304F6002856E0 /* info@2x.png in Resources */ = {isa = PBXBuildFile; fileRef = AA3B211B1BA304F6002856E0 /* info@2x.png */; };
		AA3B21391BA304F6002856E0 /* logo@2x.png in Resources */ = {isa = PBXBuildFile; fileRef = AA3B211C1BA304F6002856E0 /* logo@2x.png */; };
		AA3B213A1BA304F6002856E0 /* microcomment.png in Resources */ = {isa = PBXBuildFile; fileRef = AA3B211D1BA304F6002856E0 /* microcomment.png */; };
		AA3B213B1BA304F6002856E0 /* more@2x.png in Resources */ = {isa = PBXBuildFile; fileRef = AA3B211E1BA304F6002856E0 /* more@2x.png */; };
		AA3B213C1BA304F6002856E0 /* questionBlue@2x.png in Resources */ = {isa = PBXBuildFile; fileRef = AA3B211F1BA304F6002856E0 /* questionBlue@2x.png */; };
		AA3B213D1BA304F6002856E0 /* rating@2x.png in Resources */ = {isa = PBXBuildFile; fileRef = AA3B21201BA304F6002856E0 /* rating@2x.png */; };
		AA3B213E1BA304F6002856E0 /* scan@2x.png in Resources */ = {isa = PBXBuildFile; fileRef = AA3B21211BA304F6002856E0 /* scan@2x.png */; };
		AA3B213F1BA304F6002856E0 /* search@2x.png in Resources */ = {isa = PBXBuildFile; fileRef = AA3B21221BA304F6002856E0 /* search@2x.png */; };
		AA3B21401BA304F6002856E0 /* searchBlue@2x.png in Resources */ = {isa = PBXBuildFile; fileRef = AA3B21231BA304F6002856E0 /* searchBlue@2x.png */; };
		AA3B21411BA304F6002856E0 /* searchWhite@2x 2.png in Resources */ = {isa = PBXBuildFile; fileRef = AA3B21241BA304F6002856E0 /* searchWhite@2x 2.png */; };
		AA3B21421BA304F6002856E0 /* searchWhite@2x.png in Resources */ = {isa = PBXBuildFile; fileRef = AA3B21251BA304F6002856E0 /* searchWhite@2x.png */; };
		AA3B21431BA304F6002856E0 /* setting@2x.png in Resources */ = {isa = PBXBuildFile; fileRef = AA3B21261BA304F6002856E0 /* setting@2x.png */; };
		AA3B21441BA304F6002856E0 /* share@2x.png in Resources */ = {isa = PBXBuildFile; fileRef = AA3B21271BA304F6002856E0 /* share@2x.png */; };
		AA3B21451BA304F6002856E0 /* share_sina.png in Resources */ = {isa = PBXBuildFile; fileRef = AA3B21281BA304F6002856E0 /* share_sina.png */; };
		AA3B21461BA304F6002856E0 /* share_tencent.png in Resources */ = {isa = PBXBuildFile; fileRef = AA3B21291BA304F6002856E0 /* share_tencent.png */; };
		AA3B21471BA304F6002856E0 /* share_weixin.png in Resources */ = {isa = PBXBuildFile; fileRef = AA3B212A1BA304F6002856E0 /* share_weixin.png */; };
		AA3B21481BA304F6002856E0 /* share_weixinFriend.png in Resources */ = {isa = PBXBuildFile; fileRef = AA3B212B1BA304F6002856E0 /* share_weixinFriend.png */; };
		AA3B21491BA304F6002856E0 /* software@2x.png in Resources */ = {isa = PBXBuildFile; fileRef = AA3B212C1BA304F6002856E0 /* software@2x.png */; };
		AA3B214A1BA304F6002856E0 /* tweet@2x.png in Resources */ = {isa = PBXBuildFile; fileRef = AA3B212D1BA304F6002856E0 /* tweet@2x.png */; };
		AA3B214B1BA304F6002856E0 /* weibo@2x.png in Resources */ = {isa = PBXBuildFile; fileRef = AA3B212E1BA304F6002856E0 /* weibo@2x.png */; };
		AA3B214D1BA30737002856E0 /* prefix_define.h in Sources */ = {isa = PBXBuildFile; fileRef = AA3B214C1BA30737002856E0 /* prefix_define.h */; };
		AA3B21511BA308FC002856E0 /* InfoViewController.m in Sources */ = {isa = PBXBuildFile; fileRef = AA3B21501BA308FC002856E0 /* InfoViewController.m */; };
		AA6B34CA1BA3DE71006A5741 /* libz.dylib in Frameworks */ = {isa = PBXBuildFile; fileRef = AA6B34C91BA3DE71006A5741 /* libz.dylib */; };
		AA6B34D31BA3DE9A006A5741 /* TBXML+Compression.m in Sources */ = {isa = PBXBuildFile; fileRef = AA6B34D01BA3DE9A006A5741 /* TBXML+Compression.m */; };
		AA6B34D41BA3DE9A006A5741 /* TBXML+HTTP.m in Sources */ = {isa = PBXBuildFile; fileRef = AA6B34D11BA3DE9A006A5741 /* TBXML+HTTP.m */; };
		AA6B34D51BA3DE9A006A5741 /* TBXML.m in Sources */ = {isa = PBXBuildFile; fileRef = AA6B34D21BA3DE9A006A5741 /* TBXML.m */; };
		AA6B34D91BA3E36C006A5741 /* XMLParser.m in Sources */ = {isa = PBXBuildFile; fileRef = AA6B34D81BA3E36C006A5741 /* XMLParser.m */; };
		AA6B34DD1BA3F863006A5741 /* MsgDetail.m in Sources */ = {isa = PBXBuildFile; fileRef = AA6B34DC1BA3F863006A5741 /* MsgDetail.m */; };
		AA6B34E01BA41891006A5741 /* MsgCell.m in Sources */ = {isa = PBXBuildFile; fileRef = AA6B34DF1BA41891006A5741 /* MsgCell.m */; };
		AA7BE7BE1BA4FEDB00391D7C /* PushViews.m in Sources */ = {isa = PBXBuildFile; fileRef = AA7BE7BD1BA4FEDB00391D7C /* PushViews.m */; };
		AA7BE7C21BA504AB00391D7C /* MyUITabBarController.m in Sources */ = {isa = PBXBuildFile; fileRef = AA7BE7C11BA504AB00391D7C /* MyUITabBarController.m */; };
		AA7BE7C51BA5083A00391D7C /* NewsDetail.m in Sources */ = {isa = PBXBuildFile; fileRef = AA7BE7C41BA5083A00391D7C /* NewsDetail.m */; };
		AA7BE7C81BA510DB00391D7C /* SingleNews.m in Sources */ = {isa = PBXBuildFile; fileRef = AA7BE7C71BA510DB00391D7C /* SingleNews.m */; };
		AA7BE7CE1BA51BAC00391D7C /* SoftDetail.m in Sources */ = {isa = PBXBuildFile; fileRef = AA7BE7CD1BA51BAC00391D7C /* SoftDetail.m */; };
		AA7BE7D11BA5225C00391D7C /* BlogDetail.m in Sources */ = {isa = PBXBuildFile; fileRef = AA7BE7D01BA5225C00391D7C /* BlogDetail.m */; };
		AA7BE7D41BA5450F00391D7C /* CommentsDetail.m in Sources */ = {isa = PBXBuildFile; fileRef = AA7BE7D31BA5450F00391D7C /* CommentsDetail.m */; };
		AA7BE7D71BA54D0E00391D7C /* CommentMsgDetails.m in Sources */ = {isa = PBXBuildFile; fileRef = AA7BE7D61BA54D0E00391D7C /* CommentMsgDetails.m */; };
		AA7BE7DA1BA551D000391D7C /* CommentCells.m in Sources */ = {isa = PBXBuildFile; fileRef = AA7BE7D91BA551D000391D7C /* CommentCells.m */; };
		AA7C66191BA2C84A0031774E /* main.m in Sources */ = {isa = PBXBuildFile; fileRef = AA7C66181BA2C84A0031774E /* main.m */; };
		AA7C661C1BA2C84A0031774E /* AppDelegate.m in Sources */ = {isa = PBXBuildFile; fileRef = AA7C661B1BA2C84A0031774E /* AppDelegate.m */; };
		AA7C661F1BA2C84A0031774E /* ViewController.m in Sources */ = {isa = PBXBuildFile; fileRef = AA7C661E1BA2C84A0031774E /* ViewController.m */; };
		AA7C66221BA2C84A0031774E /* Main.storyboard in Resources */ = {isa = PBXBuildFile; fileRef = AA7C66201BA2C84A0031774E /* Main.storyboard */; };
		AA7C66241BA2C84A0031774E /* Images.xcassets in Resources */ = {isa = PBXBuildFile; fileRef = AA7C66231BA2C84A0031774E /* Images.xcassets */; };
		AA7C66271BA2C84A0031774E /* LaunchScreen.xib in Resources */ = {isa = PBXBuildFile; fileRef = AA7C66251BA2C84A0031774E /* LaunchScreen.xib */; };
		AA7C66331BA2C84A0031774E /* EosChinaTests.m in Sources */ = {isa = PBXBuildFile; fileRef = AA7C66321BA2C84A0031774E /* EosChinaTests.m */; };
		AA95ACF01BA65206009DD621 /* PostDetailMsg.m in Sources */ = {isa = PBXBuildFile; fileRef = AA95ACEF1BA65206009DD621 /* PostDetailMsg.m */; };
		AA95ACF31BA6528C009DD621 /* PostDetail.m in Sources */ = {isa = PBXBuildFile; fileRef = AA95ACF21BA6528C009DD621 /* PostDetail.m */; };
		AAB61B4F1BA56C0F000C68D0 /* BlogDetailMsg.m in Sources */ = {isa = PBXBuildFile; fileRef = AAB61B4E1BA56C0F000C68D0 /* BlogDetailMsg.m */; };
		AAB61B521BA5A2B9000C68D0 /* QuestionCell.m in Sources */ = {isa = PBXBuildFile; fileRef = AAB61B511BA5A2B9000C68D0 /* QuestionCell.m */; };
		AAB61B551BA5A4E7000C68D0 /* QuestionMsg.m in Sources */ = {isa = PBXBuildFile; fileRef = AAB61B541BA5A4E7000C68D0 /* QuestionMsg.m */; };
		AAB61B5B1BA5A90D000C68D0 /* QuestionViewController.m in Sources */ = {isa = PBXBuildFile; fileRef = AAB61B5A1BA5A90D000C68D0 /* QuestionViewController.m */; };
		D609375D099492B4D3A3724B /* libPods.a in Frameworks */ = {isa = PBXBuildFile; fileRef = 1007184790D7913C1FCCA6D1 /* libPods.a */; };
/* End PBXBuildFile section */

/* Begin PBXContainerItemProxy section */
		AA7C662D1BA2C84A0031774E /* PBXContainerItemProxy */ = {
			isa = PBXContainerItemProxy;
			containerPortal = AA7C660B1BA2C84A0031774E /* Project object */;
			proxyType = 1;
			remoteGlobalIDString = AA7C66121BA2C84A0031774E;
			remoteInfo = EosChina;
		};
/* End PBXContainerItemProxy section */

/* Begin PBXFileReference section */
		1007184790D7913C1FCCA6D1 /* libPods.a */ = {isa = PBXFileReference; explicitFileType = archive.ar; includeInIndex = 0; path = libPods.a; sourceTree = BUILT_PRODUCTS_DIR; };
		6907C347020441D65F837FC9 /* Pods.release.xcconfig */ = {isa = PBXFileReference; includeInIndex = 1; lastKnownFileType = text.xcconfig; name = Pods.release.xcconfig; path = "Pods/Target Support Files/Pods/Pods.release.xcconfig"; sourceTree = "<group>"; };
		AA3B21121BA304F6002856E0 /* account@2x.png */ = {isa = PBXFileReference; lastKnownFileType = image.png; path = "account@2x.png"; sourceTree = "<group>"; };
		AA3B21131BA304F6002856E0 /* active@2x.png */ = {isa = PBXFileReference; lastKnownFileType = image.png; path = "active@2x.png"; sourceTree = "<group>"; };
		AA3B21141BA304F6002856E0 /* answer@2x.png */ = {isa = PBXFileReference; lastKnownFileType = image.png; path = "answer@2x.png"; sourceTree = "<group>"; };
		AA3B21151BA304F6002856E0 /* big_avatar_loading.png */ = {isa = PBXFileReference; lastKnownFileType = image.png; path = big_avatar_loading.png; sourceTree = "<group>"; };
		AA3B21161BA304F6002856E0 /* comment.png */ = {isa = PBXFileReference; lastKnownFileType = image.png; path = comment.png; sourceTree = "<group>"; };
		AA3B21171BA304F6002856E0 /* commentlist@2x.png */ = {isa = PBXFileReference; lastKnownFileType = image.png; path = "commentlist@2x.png"; sourceTree = "<group>"; };
		AA3B21181BA304F6002856E0 /* detail@2x.png */ = {isa = PBXFileReference; lastKnownFileType = image.png; path = "detail@2x.png"; sourceTree = "<group>"; };
		AA3B21191BA304F6002856E0 /* exit@2x.png */ = {isa = PBXFileReference; lastKnownFileType = image.png; path = "exit@2x.png"; sourceTree = "<group>"; };
		AA3B211A1BA304F6002856E0 /* feedback@2x.png */ = {isa = PBXFileReference; lastKnownFileType = image.png; path = "feedback@2x.png"; sourceTree = "<group>"; };
		AA3B211B1BA304F6002856E0 /* info@2x.png */ = {isa = PBXFileReference; lastKnownFileType = image.png; path = "info@2x.png"; sourceTree = "<group>"; };
		AA3B211C1BA304F6002856E0 /* logo@2x.png */ = {isa = PBXFileReference; lastKnownFileType = image.png; path = "logo@2x.png"; sourceTree = "<group>"; };
		AA3B211D1BA304F6002856E0 /* microcomment.png */ = {isa = PBXFileReference; lastKnownFileType = image.png; path = microcomment.png; sourceTree = "<group>"; };
		AA3B211E1BA304F6002856E0 /* more@2x.png */ = {isa = PBXFileReference; lastKnownFileType = image.png; path = "more@2x.png"; sourceTree = "<group>"; };
		AA3B211F1BA304F6002856E0 /* questionBlue@2x.png */ = {isa = PBXFileReference; lastKnownFileType = image.png; path = "questionBlue@2x.png"; sourceTree = "<group>"; };
		AA3B21201BA304F6002856E0 /* rating@2x.png */ = {isa = PBXFileReference; lastKnownFileType = image.png; path = "rating@2x.png"; sourceTree = "<group>"; };
		AA3B21211BA304F6002856E0 /* scan@2x.png */ = {isa = PBXFileReference; lastKnownFileType = image.png; path = "scan@2x.png"; sourceTree = "<group>"; };
		AA3B21221BA304F6002856E0 /* search@2x.png */ = {isa = PBXFileReference; lastKnownFileType = image.png; path = "search@2x.png"; sourceTree = "<group>"; };
		AA3B21231BA304F6002856E0 /* searchBlue@2x.png */ = {isa = PBXFileReference; lastKnownFileType = image.png; path = "searchBlue@2x.png"; sourceTree = "<group>"; };
		AA3B21241BA304F6002856E0 /* searchWhite@2x 2.png */ = {isa = PBXFileReference; lastKnownFileType = image.png; path = "searchWhite@2x 2.png"; sourceTree = "<group>"; };
		AA3B21251BA304F6002856E0 /* searchWhite@2x.png */ = {isa = PBXFileReference; lastKnownFileType = image.png; path = "searchWhite@2x.png"; sourceTree = "<group>"; };
		AA3B21261BA304F6002856E0 /* setting@2x.png */ = {isa = PBXFileReference; lastKnownFileType = image.png; path = "setting@2x.png"; sourceTree = "<group>"; };
		AA3B21271BA304F6002856E0 /* share@2x.png */ = {isa = PBXFileReference; lastKnownFileType = image.png; path = "share@2x.png"; sourceTree = "<group>"; };
		AA3B21281BA304F6002856E0 /* share_sina.png */ = {isa = PBXFileReference; lastKnownFileType = image.png; path = share_sina.png; sourceTree = "<group>"; };
		AA3B21291BA304F6002856E0 /* share_tencent.png */ = {isa = PBXFileReference; lastKnownFileType = image.png; path = share_tencent.png; sourceTree = "<group>"; };
		AA3B212A1BA304F6002856E0 /* share_weixin.png */ = {isa = PBXFileReference; lastKnownFileType = image.png; path = share_weixin.png; sourceTree = "<group>"; };
		AA3B212B1BA304F6002856E0 /* share_weixinFriend.png */ = {isa = PBXFileReference; lastKnownFileType = image.png; path = share_weixinFriend.png; sourceTree = "<group>"; };
		AA3B212C1BA304F6002856E0 /* software@2x.png */ = {isa = PBXFileReference; lastKnownFileType = image.png; path = "software@2x.png"; sourceTree = "<group>"; };
		AA3B212D1BA304F6002856E0 /* tweet@2x.png */ = {isa = PBXFileReference; lastKnownFileType = image.png; path = "tweet@2x.png"; sourceTree = "<group>"; };
		AA3B212E1BA304F6002856E0 /* weibo@2x.png */ = {isa = PBXFileReference; lastKnownFileType = image.png; path = "weibo@2x.png"; sourceTree = "<group>"; };
		AA3B214C1BA30737002856E0 /* prefix_define.h */ = {isa = PBXFileReference; fileEncoding = 4; lastKnownFileType = sourcecode.c.h; path = prefix_define.h; sourceTree = "<group>"; };
		AA3B214F1BA308FC002856E0 /* InfoViewController.h */ = {isa = PBXFileReference; fileEncoding = 4; lastKnownFileType = sourcecode.c.h; path = InfoViewController.h; sourceTree = "<group>"; };
		AA3B21501BA308FC002856E0 /* InfoViewController.m */ = {isa = PBXFileReference; fileEncoding = 4; lastKnownFileType = sourcecode.c.objc; path = InfoViewController.m; sourceTree = "<group>"; };
		AA6B34C91BA3DE71006A5741 /* libz.dylib */ = {isa = PBXFileReference; lastKnownFileType = "compiled.mach-o.dylib"; name = libz.dylib; path = usr/lib/libz.dylib; sourceTree = SDKROOT; };
		AA6B34CC1BA3DE91006A5741 /* TBXML+Compression.h */ = {isa = PBXFileReference; fileEncoding = 4; lastKnownFileType = sourcecode.c.h; path = "TBXML+Compression.h"; sourceTree = "<group>"; };
		AA6B34CD1BA3DE91006A5741 /* TBXML+HTTP.h */ = {isa = PBXFileReference; fileEncoding = 4; lastKnownFileType = sourcecode.c.h; path = "TBXML+HTTP.h"; sourceTree = "<group>"; };
		AA6B34CE1BA3DE91006A5741 /* TBXML.h */ = {isa = PBXFileReference; fileEncoding = 4; lastKnownFileType = sourcecode.c.h; path = TBXML.h; sourceTree = "<group>"; };
		AA6B34D01BA3DE9A006A5741 /* TBXML+Compression.m */ = {isa = PBXFileReference; fileEncoding = 4; lastKnownFileType = sourcecode.c.objc; path = "TBXML+Compression.m"; sourceTree = "<group>"; };
		AA6B34D11BA3DE9A006A5741 /* TBXML+HTTP.m */ = {isa = PBXFileReference; fileEncoding = 4; lastKnownFileType = sourcecode.c.objc; path = "TBXML+HTTP.m"; sourceTree = "<group>"; };
		AA6B34D21BA3DE9A006A5741 /* TBXML.m */ = {isa = PBXFileReference; fileEncoding = 4; lastKnownFileType = sourcecode.c.objc; path = TBXML.m; sourceTree = "<group>"; };
		AA6B34D71BA3E36C006A5741 /* XMLParser.h */ = {isa = PBXFileReference; fileEncoding = 4; lastKnownFileType = sourcecode.c.h; path = XMLParser.h; sourceTree = "<group>"; };
		AA6B34D81BA3E36C006A5741 /* XMLParser.m */ = {isa = PBXFileReference; fileEncoding = 4; lastKnownFileType = sourcecode.c.objc; path = XMLParser.m; sourceTree = "<group>"; };
		AA6B34DB1BA3F863006A5741 /* MsgDetail.h */ = {isa = PBXFileReference; fileEncoding = 4; lastKnownFileType = sourcecode.c.h; path = MsgDetail.h; sourceTree = "<group>"; };
		AA6B34DC1BA3F863006A5741 /* MsgDetail.m */ = {isa = PBXFileReference; fileEncoding = 4; lastKnownFileType = sourcecode.c.objc; path = MsgDetail.m; sourceTree = "<group>"; };
		AA6B34DE1BA41891006A5741 /* MsgCell.h */ = {isa = PBXFileReference; fileEncoding = 4; lastKnownFileType = sourcecode.c.h; path = MsgCell.h; sourceTree = "<group>"; };
		AA6B34DF1BA41891006A5741 /* MsgCell.m */ = {isa = PBXFileReference; fileEncoding = 4; lastKnownFileType = sourcecode.c.objc; path = MsgCell.m; sourceTree = "<group>"; };
		AA7BE7BC1BA4FEDB00391D7C /* PushViews.h */ = {isa = PBXFileReference; fileEncoding = 4; lastKnownFileType = sourcecode.c.h; path = PushViews.h; sourceTree = "<group>"; };
		AA7BE7BD1BA4FEDB00391D7C /* PushViews.m */ = {isa = PBXFileReference; fileEncoding = 4; lastKnownFileType = sourcecode.c.objc; path = PushViews.m; sourceTree = "<group>"; };
		AA7BE7BF1BA5044700391D7C /* CustomProtocol.h */ = {isa = PBXFileReference; fileEncoding = 4; lastKnownFileType = sourcecode.c.h; path = CustomProtocol.h; sourceTree = "<group>"; };
		AA7BE7C01BA504AB00391D7C /* MyUITabBarController.h */ = {isa = PBXFileReference; fileEncoding = 4; lastKnownFileType = sourcecode.c.h; path = MyUITabBarController.h; sourceTree = "<group>"; };
		AA7BE7C11BA504AB00391D7C /* MyUITabBarController.m */ = {isa = PBXFileReference; fileEncoding = 4; lastKnownFileType = sourcecode.c.objc; path = MyUITabBarController.m; sourceTree = "<group>"; };
		AA7BE7C31BA5083A00391D7C /* NewsDetail.h */ = {isa = PBXFileReference; fileEncoding = 4; lastKnownFileType = sourcecode.c.h; path = NewsDetail.h; sourceTree = "<group>"; };
		AA7BE7C41BA5083A00391D7C /* NewsDetail.m */ = {isa = PBXFileReference; fileEncoding = 4; lastKnownFileType = sourcecode.c.objc; path = NewsDetail.m; sourceTree = "<group>"; };
		AA7BE7C61BA510DB00391D7C /* SingleNews.h */ = {isa = PBXFileReference; fileEncoding = 4; lastKnownFileType = sourcecode.c.h; path = SingleNews.h; sourceTree = "<group>"; };
		AA7BE7C71BA510DB00391D7C /* SingleNews.m */ = {isa = PBXFileReference; fileEncoding = 4; lastKnownFileType = sourcecode.c.objc; path = SingleNews.m; sourceTree = "<group>"; };
		AA7BE7CC1BA51BAC00391D7C /* SoftDetail.h */ = {isa = PBXFileReference; fileEncoding = 4; lastKnownFileType = sourcecode.c.h; path = SoftDetail.h; sourceTree = "<group>"; };
		AA7BE7CD1BA51BAC00391D7C /* SoftDetail.m */ = {isa = PBXFileReference; fileEncoding = 4; lastKnownFileType = sourcecode.c.objc; path = SoftDetail.m; sourceTree = "<group>"; };
		AA7BE7CF1BA5225C00391D7C /* BlogDetail.h */ = {isa = PBXFileReference; fileEncoding = 4; lastKnownFileType = sourcecode.c.h; path = BlogDetail.h; sourceTree = "<group>"; };
		AA7BE7D01BA5225C00391D7C /* BlogDetail.m */ = {isa = PBXFileReference; fileEncoding = 4; lastKnownFileType = sourcecode.c.objc; path = BlogDetail.m; sourceTree = "<group>"; };
		AA7BE7D21BA5450F00391D7C /* CommentsDetail.h */ = {isa = PBXFileReference; fileEncoding = 4; lastKnownFileType = sourcecode.c.h; path = CommentsDetail.h; sourceTree = "<group>"; };
		AA7BE7D31BA5450F00391D7C /* CommentsDetail.m */ = {isa = PBXFileReference; fileEncoding = 4; lastKnownFileType = sourcecode.c.objc; path = CommentsDetail.m; sourceTree = "<group>"; };
		AA7BE7D51BA54D0E00391D7C /* CommentMsgDetails.h */ = {isa = PBXFileReference; fileEncoding = 4; lastKnownFileType = sourcecode.c.h; path = CommentMsgDetails.h; sourceTree = "<group>"; };
		AA7BE7D61BA54D0E00391D7C /* CommentMsgDetails.m */ = {isa = PBXFileReference; fileEncoding = 4; lastKnownFileType = sourcecode.c.objc; path = CommentMsgDetails.m; sourceTree = "<group>"; };
		AA7BE7D81BA551D000391D7C /* CommentCells.h */ = {isa = PBXFileReference; fileEncoding = 4; lastKnownFileType = sourcecode.c.h; path = CommentCells.h; sourceTree = "<group>"; };
		AA7BE7D91BA551D000391D7C /* CommentCells.m */ = {isa = PBXFileReference; fileEncoding = 4; lastKnownFileType = sourcecode.c.objc; path = CommentCells.m; sourceTree = "<group>"; };
		AA7C66131BA2C84A0031774E /* EosChina.app */ = {isa = PBXFileReference; explicitFileType = wrapper.application; includeInIndex = 0; path = EosChina.app; sourceTree = BUILT_PRODUCTS_DIR; };
		AA7C66171BA2C84A0031774E /* Info.plist */ = {isa = PBXFileReference; lastKnownFileType = text.plist.xml; path = Info.plist; sourceTree = "<group>"; };
		AA7C66181BA2C84A0031774E /* main.m */ = {isa = PBXFileReference; lastKnownFileType = sourcecode.c.objc; path = main.m; sourceTree = "<group>"; };
		AA7C661A1BA2C84A0031774E /* AppDelegate.h */ = {isa = PBXFileReference; lastKnownFileType = sourcecode.c.h; path = AppDelegate.h; sourceTree = "<group>"; };
		AA7C661B1BA2C84A0031774E /* AppDelegate.m */ = {isa = PBXFileReference; lastKnownFileType = sourcecode.c.objc; path = AppDelegate.m; sourceTree = "<group>"; };
		AA7C661D1BA2C84A0031774E /* ViewController.h */ = {isa = PBXFileReference; lastKnownFileType = sourcecode.c.h; path = ViewController.h; sourceTree = "<group>"; };
		AA7C661E1BA2C84A0031774E /* ViewController.m */ = {isa = PBXFileReference; lastKnownFileType = sourcecode.c.objc; path = ViewController.m; sourceTree = "<group>"; };
		AA7C66211BA2C84A0031774E /* Base */ = {isa = PBXFileReference; lastKnownFileType = file.storyboard; name = Base; path = Base.lproj/Main.storyboard; sourceTree = "<group>"; };
		AA7C66231BA2C84A0031774E /* Images.xcassets */ = {isa = PBXFileReference; lastKnownFileType = folder.assetcatalog; path = Images.xcassets; sourceTree = "<group>"; };
		AA7C66261BA2C84A0031774E /* Base */ = {isa = PBXFileReference; lastKnownFileType = file.xib; name = Base; path = Base.lproj/LaunchScreen.xib; sourceTree = "<group>"; };
		AA7C662C1BA2C84A0031774E /* EosChinaTests.xctest */ = {isa = PBXFileReference; explicitFileType = wrapper.cfbundle; includeInIndex = 0; path = EosChinaTests.xctest; sourceTree = BUILT_PRODUCTS_DIR; };
		AA7C66311BA2C84A0031774E /* Info.plist */ = {isa = PBXFileReference; lastKnownFileType = text.plist.xml; path = Info.plist; sourceTree = "<group>"; };
		AA7C66321BA2C84A0031774E /* EosChinaTests.m */ = {isa = PBXFileReference; lastKnownFileType = sourcecode.c.objc; path = EosChinaTests.m; sourceTree = "<group>"; };
		AA95ACEE1BA65206009DD621 /* PostDetailMsg.h */ = {isa = PBXFileReference; fileEncoding = 4; lastKnownFileType = sourcecode.c.h; path = PostDetailMsg.h; sourceTree = "<group>"; };
		AA95ACEF1BA65206009DD621 /* PostDetailMsg.m */ = {isa = PBXFileReference; fileEncoding = 4; lastKnownFileType = sourcecode.c.objc; path = PostDetailMsg.m; sourceTree = "<group>"; };
		AA95ACF11BA6528C009DD621 /* PostDetail.h */ = {isa = PBXFileReference; fileEncoding = 4; lastKnownFileType = sourcecode.c.h; path = PostDetail.h; sourceTree = "<group>"; };
		AA95ACF21BA6528C009DD621 /* PostDetail.m */ = {isa = PBXFileReference; fileEncoding = 4; lastKnownFileType = sourcecode.c.objc; path = PostDetail.m; sourceTree = "<group>"; };
		AAB61B4D1BA56C0F000C68D0 /* BlogDetailMsg.h */ = {isa = PBXFileReference; fileEncoding = 4; lastKnownFileType = sourcecode.c.h; path = BlogDetailMsg.h; sourceTree = "<group>"; };
		AAB61B4E1BA56C0F000C68D0 /* BlogDetailMsg.m */ = {isa = PBXFileReference; fileEncoding = 4; lastKnownFileType = sourcecode.c.objc; path = BlogDetailMsg.m; sourceTree = "<group>"; };
		AAB61B501BA5A2B9000C68D0 /* QuestionCell.h */ = {isa = PBXFileReference; fileEncoding = 4; lastKnownFileType = sourcecode.c.h; path = QuestionCell.h; sourceTree = "<group>"; };
		AAB61B511BA5A2B9000C68D0 /* QuestionCell.m */ = {isa = PBXFileReference; fileEncoding = 4; lastKnownFileType = sourcecode.c.objc; path = QuestionCell.m; sourceTree = "<group>"; };
		AAB61B531BA5A4E7000C68D0 /* QuestionMsg.h */ = {isa = PBXFileReference; fileEncoding = 4; lastKnownFileType = sourcecode.c.h; path = QuestionMsg.h; sourceTree = "<group>"; };
		AAB61B541BA5A4E7000C68D0 /* QuestionMsg.m */ = {isa = PBXFileReference; fileEncoding = 4; lastKnownFileType = sourcecode.c.objc; path = QuestionMsg.m; sourceTree = "<group>"; };
		AAB61B591BA5A90D000C68D0 /* QuestionViewController.h */ = {isa = PBXFileReference; fileEncoding = 4; lastKnownFileType = sourcecode.c.h; path = QuestionViewController.h; sourceTree = "<group>"; };
		AAB61B5A1BA5A90D000C68D0 /* QuestionViewController.m */ = {isa = PBXFileReference; fileEncoding = 4; lastKnownFileType = sourcecode.c.objc; path = QuestionViewController.m; sourceTree = "<group>"; };
		C7E6804EDCA3D9BE0E26E2A3 /* Pods.debug.xcconfig */ = {isa = PBXFileReference; includeInIndex = 1; lastKnownFileType = text.xcconfig; name = Pods.debug.xcconfig; path = "Pods/Target Support Files/Pods/Pods.debug.xcconfig"; sourceTree = "<group>"; };
/* End PBXFileReference section */

/* Begin PBXFrameworksBuildPhase section */
		AA7C66101BA2C84A0031774E /* Frameworks */ = {
			isa = PBXFrameworksBuildPhase;
			buildActionMask = 2147483647;
			files = (
				AA6B34CA1BA3DE71006A5741 /* libz.dylib in Frameworks */,
				D609375D099492B4D3A3724B /* libPods.a in Frameworks */,
			);
			runOnlyForDeploymentPostprocessing = 0;
		};
		AA7C66291BA2C84A0031774E /* Frameworks */ = {
			isa = PBXFrameworksBuildPhase;
			buildActionMask = 2147483647;
			files = (
			);
			runOnlyForDeploymentPostprocessing = 0;
		};
/* End PBXFrameworksBuildPhase section */

/* Begin PBXGroup section */
		3A50B3B8CDD6B6A880276335 /* Frameworks */ = {
			isa = PBXGroup;
			children = (
				1007184790D7913C1FCCA6D1 /* libPods.a */,
			);
			name = Frameworks;
			sourceTree = "<group>";
		};
		AA3B21111BA304F6002856E0 /* images */ = {
			isa = PBXGroup;
			children = (
				AA3B21121BA304F6002856E0 /* account@2x.png */,
				AA3B21131BA304F6002856E0 /* active@2x.png */,
				AA3B21141BA304F6002856E0 /* answer@2x.png */,
				AA3B21151BA304F6002856E0 /* big_avatar_loading.png */,
				AA3B21161BA304F6002856E0 /* comment.png */,
				AA3B21171BA304F6002856E0 /* commentlist@2x.png */,
				AA3B21181BA304F6002856E0 /* detail@2x.png */,
				AA3B21191BA304F6002856E0 /* exit@2x.png */,
				AA3B211A1BA304F6002856E0 /* feedback@2x.png */,
				AA3B211B1BA304F6002856E0 /* info@2x.png */,
				AA3B211C1BA304F6002856E0 /* logo@2x.png */,
				AA3B211D1BA304F6002856E0 /* microcomment.png */,
				AA3B211E1BA304F6002856E0 /* more@2x.png */,
				AA3B211F1BA304F6002856E0 /* questionBlue@2x.png */,
				AA3B21201BA304F6002856E0 /* rating@2x.png */,
				AA3B21211BA304F6002856E0 /* scan@2x.png */,
				AA3B21221BA304F6002856E0 /* search@2x.png */,
				AA3B21231BA304F6002856E0 /* searchBlue@2x.png */,
				AA3B21241BA304F6002856E0 /* searchWhite@2x 2.png */,
				AA3B21251BA304F6002856E0 /* searchWhite@2x.png */,
				AA3B21261BA304F6002856E0 /* setting@2x.png */,
				AA3B21271BA304F6002856E0 /* share@2x.png */,
				AA3B21281BA304F6002856E0 /* share_sina.png */,
				AA3B21291BA304F6002856E0 /* share_tencent.png */,
				AA3B212A1BA304F6002856E0 /* share_weixin.png */,
				AA3B212B1BA304F6002856E0 /* share_weixinFriend.png */,
				AA3B212C1BA304F6002856E0 /* software@2x.png */,
				AA3B212D1BA304F6002856E0 /* tweet@2x.png */,
				AA3B212E1BA304F6002856E0 /* weibo@2x.png */,
			);
			path = images;
			sourceTree = "<group>";
		};
		AA3B214E1BA30890002856E0 /* ViewController */ = {
			isa = PBXGroup;
			children = (
				AA7BE7CF1BA5225C00391D7C /* BlogDetail.h */,
				AA7BE7D01BA5225C00391D7C /* BlogDetail.m */,
				AA3B214F1BA308FC002856E0 /* InfoViewController.h */,
				AA3B21501BA308FC002856E0 /* InfoViewController.m */,
				AA7BE7C01BA504AB00391D7C /* MyUITabBarController.h */,
				AA7BE7C11BA504AB00391D7C /* MyUITabBarController.m */,
				AA7BE7C31BA5083A00391D7C /* NewsDetail.h */,
				AA7BE7C41BA5083A00391D7C /* NewsDetail.m */,
				AA7BE7CC1BA51BAC00391D7C /* SoftDetail.h */,
				AA7BE7CD1BA51BAC00391D7C /* SoftDetail.m */,
				AA7BE7D21BA5450F00391D7C /* CommentsDetail.h */,
				AA7BE7D31BA5450F00391D7C /* CommentsDetail.m */,
				AA7BE7D81BA551D000391D7C /* CommentCells.h */,
				AA7BE7D91BA551D000391D7C /* CommentCells.m */,
				AAB61B501BA5A2B9000C68D0 /* QuestionCell.h */,
				AAB61B511BA5A2B9000C68D0 /* QuestionCell.m */,
				AAB61B591BA5A90D000C68D0 /* QuestionViewController.h */,
				AAB61B5A1BA5A90D000C68D0 /* QuestionViewController.m */,
				AA95ACF11BA6528C009DD621 /* PostDetail.h */,
				AA95ACF21BA6528C009DD621 /* PostDetail.m */,
			);
			name = ViewController;
			sourceTree = "<group>";
		};
		AA6B34CB1BA3DE91006A5741 /* TBXML-Headers */ = {
			isa = PBXGroup;
			children = (
				AA6B34CC1BA3DE91006A5741 /* TBXML+Compression.h */,
				AA6B34CD1BA3DE91006A5741 /* TBXML+HTTP.h */,
				AA6B34CE1BA3DE91006A5741 /* TBXML.h */,
			);
			name = "TBXML-Headers";
			path = "../../library/TBXML/TBXML-Headers";
			sourceTree = "<group>";
		};
		AA6B34CF1BA3DE9A006A5741 /* TBXML-Code */ = {
			isa = PBXGroup;
			children = (
				AA6B34D01BA3DE9A006A5741 /* TBXML+Compression.m */,
				AA6B34D11BA3DE9A006A5741 /* TBXML+HTTP.m */,
				AA6B34D21BA3DE9A006A5741 /* TBXML.m */,
			);
			name = "TBXML-Code";
			path = "../../library/TBXML/TBXML-Code";
			sourceTree = "<group>";
		};
		AA6B34D61BA3E346006A5741 /* XMLParser */ = {
			isa = PBXGroup;
			children = (
				AA6B34D71BA3E36C006A5741 /* XMLParser.h */,
				AA6B34D81BA3E36C006A5741 /* XMLParser.m */,
			);
			name = XMLParser;
			sourceTree = "<group>";
		};
		AA6B34DA1BA3F845006A5741 /* Classes */ = {
			isa = PBXGroup;
			children = (
				AA6B34DB1BA3F863006A5741 /* MsgDetail.h */,
				AA6B34DC1BA3F863006A5741 /* MsgDetail.m */,
				AA7BE7BC1BA4FEDB00391D7C /* PushViews.h */,
				AA7BE7BD1BA4FEDB00391D7C /* PushViews.m */,
				AA7BE7C61BA510DB00391D7C /* SingleNews.h */,
				AA7BE7C71BA510DB00391D7C /* SingleNews.m */,
				AA7BE7D51BA54D0E00391D7C /* CommentMsgDetails.h */,
				AA7BE7D61BA54D0E00391D7C /* CommentMsgDetails.m */,
				AAB61B4D1BA56C0F000C68D0 /* BlogDetailMsg.h */,
				AAB61B4E1BA56C0F000C68D0 /* BlogDetailMsg.m */,
				AAB61B531BA5A4E7000C68D0 /* QuestionMsg.h */,
				AAB61B541BA5A4E7000C68D0 /* QuestionMsg.m */,
				AA95ACEE1BA65206009DD621 /* PostDetailMsg.h */,
				AA95ACEF1BA65206009DD621 /* PostDetailMsg.m */,
			);
			name = Classes;
			sourceTree = "<group>";
		};
		AA7C660A1BA2C84A0031774E = {
			isa = PBXGroup;
			children = (
				AA6B34C91BA3DE71006A5741 /* libz.dylib */,
				AA7C66151BA2C84A0031774E /* EosChina */,
				AA7C662F1BA2C84A0031774E /* EosChinaTests */,
				AA7C66141BA2C84A0031774E /* Products */,
				B3A7B7748A8EC22A70960482 /* Pods */,
				3A50B3B8CDD6B6A880276335 /* Frameworks */,
			);
			sourceTree = "<group>";
		};
		AA7C66141BA2C84A0031774E /* Products */ = {
			isa = PBXGroup;
			children = (
				AA7C66131BA2C84A0031774E /* EosChina.app */,
				AA7C662C1BA2C84A0031774E /* EosChinaTests.xctest */,
			);
			name = Products;
			sourceTree = "<group>";
		};
		AA7C66151BA2C84A0031774E /* EosChina */ = {
			isa = PBXGroup;
			children = (
				AA6B34CF1BA3DE9A006A5741 /* TBXML-Code */,
				AA6B34CB1BA3DE91006A5741 /* TBXML-Headers */,
				AA3B21111BA304F6002856E0 /* images */,
				AA7C661A1BA2C84A0031774E /* AppDelegate.h */,
				AA7C661B1BA2C84A0031774E /* AppDelegate.m */,
				AA7C661D1BA2C84A0031774E /* ViewController.h */,
				AA7C661E1BA2C84A0031774E /* ViewController.m */,
				AA7C66201BA2C84A0031774E /* Main.storyboard */,
				AA6B34DA1BA3F845006A5741 /* Classes */,
				AA6B34D61BA3E346006A5741 /* XMLParser */,
				AA3B214E1BA30890002856E0 /* ViewController */,
				AA7C66231BA2C84A0031774E /* Images.xcassets */,
				AA7C66251BA2C84A0031774E /* LaunchScreen.xib */,
				AA7C66161BA2C84A0031774E /* Supporting Files */,
				AA3B214C1BA30737002856E0 /* prefix_define.h */,
				AA6B34DE1BA41891006A5741 /* MsgCell.h */,
				AA6B34DF1BA41891006A5741 /* MsgCell.m */,
				AA7BE7BF1BA5044700391D7C /* CustomProtocol.h */,
			);
			path = EosChina;
			sourceTree = "<group>";
		};
		AA7C66161BA2C84A0031774E /* Supporting Files */ = {
			isa = PBXGroup;
			children = (
				AA7C66171BA2C84A0031774E /* Info.plist */,
				AA7C66181BA2C84A0031774E /* main.m */,
			);
			name = "Supporting Files";
			sourceTree = "<group>";
		};
		AA7C662F1BA2C84A0031774E /* EosChinaTests */ = {
			isa = PBXGroup;
			children = (
				AA7C66321BA2C84A0031774E /* EosChinaTests.m */,
				AA7C66301BA2C84A0031774E /* Supporting Files */,
			);
			path = EosChinaTests;
			sourceTree = "<group>";
		};
		AA7C66301BA2C84A0031774E /* Supporting Files */ = {
			isa = PBXGroup;
			children = (
				AA7C66311BA2C84A0031774E /* Info.plist */,
			);
			name = "Supporting Files";
			sourceTree = "<group>";
		};
		B3A7B7748A8EC22A70960482 /* Pods */ = {
			isa = PBXGroup;
			children = (
				C7E6804EDCA3D9BE0E26E2A3 /* Pods.debug.xcconfig */,
				6907C347020441D65F837FC9 /* Pods.release.xcconfig */,
			);
			name = Pods;
			sourceTree = "<group>";
		};
/* End PBXGroup section */

/* Begin PBXNativeTarget section */
		AA7C66121BA2C84A0031774E /* EosChina */ = {
			isa = PBXNativeTarget;
			buildConfigurationList = AA7C66361BA2C84A0031774E /* Build configuration list for PBXNativeTarget "EosChina" */;
			buildPhases = (
				28495B0E0D65B562F12374D4 /* Check Pods Manifest.lock */,
				AA7C660F1BA2C84A0031774E /* Sources */,
				AA7C66101BA2C84A0031774E /* Frameworks */,
				AA7C66111BA2C84A0031774E /* Resources */,
				AA1FE845E4C5E55B4F70B681 /* Copy Pods Resources */,
			);
			buildRules = (
			);
			dependencies = (
			);
			name = EosChina;
			productName = EosChina;
			productReference = AA7C66131BA2C84A0031774E /* EosChina.app */;
			productType = "com.apple.product-type.application";
		};
		AA7C662B1BA2C84A0031774E /* EosChinaTests */ = {
			isa = PBXNativeTarget;
			buildConfigurationList = AA7C66391BA2C84A0031774E /* Build configuration list for PBXNativeTarget "EosChinaTests" */;
			buildPhases = (
				AA7C66281BA2C84A0031774E /* Sources */,
				AA7C66291BA2C84A0031774E /* Frameworks */,
				AA7C662A1BA2C84A0031774E /* Resources */,
			);
			buildRules = (
			);
			dependencies = (
				AA7C662E1BA2C84A0031774E /* PBXTargetDependency */,
			);
			name = EosChinaTests;
			productName = EosChinaTests;
			productReference = AA7C662C1BA2C84A0031774E /* EosChinaTests.xctest */;
			productType = "com.apple.product-type.bundle.unit-test";
		};
/* End PBXNativeTarget section */

/* Begin PBXProject section */
		AA7C660B1BA2C84A0031774E /* Project object */ = {
			isa = PBXProject;
			attributes = {
				LastUpgradeCheck = 0640;
				ORGANIZATIONNAME = "Ethan Guo";
				TargetAttributes = {
					AA7C66121BA2C84A0031774E = {
						CreatedOnToolsVersion = 6.4;
					};
					AA7C662B1BA2C84A0031774E = {
						CreatedOnToolsVersion = 6.4;
						TestTargetID = AA7C66121BA2C84A0031774E;
					};
				};
			};
			buildConfigurationList = AA7C660E1BA2C84A0031774E /* Build configuration list for PBXProject "EosChina" */;
			compatibilityVersion = "Xcode 3.2";
			developmentRegion = English;
			hasScannedForEncodings = 0;
			knownRegions = (
				en,
				Base,
			);
			mainGroup = AA7C660A1BA2C84A0031774E;
			productRefGroup = AA7C66141BA2C84A0031774E /* Products */;
			projectDirPath = "";
			projectRoot = "";
			targets = (
				AA7C66121BA2C84A0031774E /* EosChina */,
				AA7C662B1BA2C84A0031774E /* EosChinaTests */,
			);
		};
/* End PBXProject section */

/* Begin PBXResourcesBuildPhase section */
		AA7C66111BA2C84A0031774E /* Resources */ = {
			isa = PBXResourcesBuildPhase;
			buildActionMask = 2147483647;
			files = (
				AA3B212F1BA304F6002856E0 /* account@2x.png in Resources */,
				AA3B21481BA304F6002856E0 /* share_weixinFriend.png in Resources */,
				AA3B213A1BA304F6002856E0 /* microcomment.png in Resources */,
				AA3B21331BA304F6002856E0 /* comment.png in Resources */,
				AA3B21301BA304F6002856E0 /* active@2x.png in Resources */,
				AA3B21311BA304F6002856E0 /* answer@2x.png in Resources */,
				AA3B21471BA304F6002856E0 /* share_weixin.png in Resources */,
				AA3B21341BA304F6002856E0 /* commentlist@2x.png in Resources */,
				AA3B21371BA304F6002856E0 /* feedback@2x.png in Resources */,
				AA3B21381BA304F6002856E0 /* info@2x.png in Resources */,
				AA3B21451BA304F6002856E0 /* share_sina.png in Resources */,
				AA3B213F1BA304F6002856E0 /* search@2x.png in Resources */,
				AA7C66221BA2C84A0031774E /* Main.storyboard in Resources */,
				AA3B21441BA304F6002856E0 /* share@2x.png in Resources */,
				AA3B21321BA304F6002856E0 /* big_avatar_loading.png in Resources */,
				AA3B21361BA304F6002856E0 /* exit@2x.png in Resources */,
				AA3B214A1BA304F6002856E0 /* tweet@2x.png in Resources */,
				AA3B213B1BA304F6002856E0 /* more@2x.png in Resources */,
				AA3B213C1BA304F6002856E0 /* questionBlue@2x.png in Resources */,
				AA7C66271BA2C84A0031774E /* LaunchScreen.xib in Resources */,
				AA3B21391BA304F6002856E0 /* logo@2x.png in Resources */,
				AA3B21411BA304F6002856E0 /* searchWhite@2x 2.png in Resources */,
				AA3B21461BA304F6002856E0 /* share_tencent.png in Resources */,
				AA3B21431BA304F6002856E0 /* setting@2x.png in Resources */,
				AA3B21421BA304F6002856E0 /* searchWhite@2x.png in Resources */,
				AA3B213D1BA304F6002856E0 /* rating@2x.png in Resources */,
				AA7C66241BA2C84A0031774E /* Images.xcassets in Resources */,
				AA3B213E1BA304F6002856E0 /* scan@2x.png in Resources */,
				AA3B21401BA304F6002856E0 /* searchBlue@2x.png in Resources */,
				AA3B21351BA304F6002856E0 /* detail@2x.png in Resources */,
				AA3B21491BA304F6002856E0 /* software@2x.png in Resources */,
				AA3B214B1BA304F6002856E0 /* weibo@2x.png in Resources */,
			);
			runOnlyForDeploymentPostprocessing = 0;
		};
		AA7C662A1BA2C84A0031774E /* Resources */ = {
			isa = PBXResourcesBuildPhase;
			buildActionMask = 2147483647;
			files = (
			);
			runOnlyForDeploymentPostprocessing = 0;
		};
/* End PBXResourcesBuildPhase section */

/* Begin PBXShellScriptBuildPhase section */
		28495B0E0D65B562F12374D4 /* Check Pods Manifest.lock */ = {
			isa = PBXShellScriptBuildPhase;
			buildActionMask = 2147483647;
			files = (
			);
			inputPaths = (
			);
			name = "Check Pods Manifest.lock";
			outputPaths = (
			);
			runOnlyForDeploymentPostprocessing = 0;
			shellPath = /bin/sh;
			shellScript = "diff \"${PODS_ROOT}/../Podfile.lock\" \"${PODS_ROOT}/Manifest.lock\" > /dev/null\nif [[ $? != 0 ]] ; then\n    cat << EOM\nerror: The sandbox is not in sync with the Podfile.lock. Run 'pod install' or update your CocoaPods installation.\nEOM\n    exit 1\nfi\n";
			showEnvVarsInLog = 0;
		};
		AA1FE845E4C5E55B4F70B681 /* Copy Pods Resources */ = {
			isa = PBXShellScriptBuildPhase;
			buildActionMask = 2147483647;
			files = (
			);
			inputPaths = (
			);
			name = "Copy Pods Resources";
			outputPaths = (
			);
			runOnlyForDeploymentPostprocessing = 0;
			shellPath = /bin/sh;
			shellScript = "\"${SRCROOT}/Pods/Target Support Files/Pods/Pods-resources.sh\"\n";
			showEnvVarsInLog = 0;
		};
/* End PBXShellScriptBuildPhase section */

/* Begin PBXSourcesBuildPhase section */
		AA7C660F1BA2C84A0031774E /* Sources */ = {
			isa = PBXSourcesBuildPhase;
			buildActionMask = 2147483647;
			files = (
				AA7C661F1BA2C84A0031774E /* ViewController.m in Sources */,
				AA6B34E01BA41891006A5741 /* MsgCell.m in Sources */,
				AAB61B5B1BA5A90D000C68D0 /* QuestionViewController.m in Sources */,
				AA95ACF01BA65206009DD621 /* PostDetailMsg.m in Sources */,
				AA6B34D51BA3DE9A006A5741 /* TBXML.m in Sources */,
				AA7C661C1BA2C84A0031774E /* AppDelegate.m in Sources */,
				AA7BE7BE1BA4FEDB00391D7C /* PushViews.m in Sources */,
				AA7BE7C21BA504AB00391D7C /* MyUITabBarController.m in Sources */,
				AA95ACF31BA6528C009DD621 /* PostDetail.m in Sources */,
				AA7BE7D41BA5450F00391D7C /* CommentsDetail.m in Sources */,
				AA7BE7CE1BA51BAC00391D7C /* SoftDetail.m in Sources */,
				AA7BE7C51BA5083A00391D7C /* NewsDetail.m in Sources */,
				AA7BE7D71BA54D0E00391D7C /* CommentMsgDetails.m in Sources */,
				AA7BE7C81BA510DB00391D7C /* SingleNews.m in Sources */,
				AA7BE7DA1BA551D000391D7C /* CommentCells.m in Sources */,
				AA3B214D1BA30737002856E0 /* prefix_define.h in Sources */,
				AA3B21511BA308FC002856E0 /* InfoViewController.m in Sources */,
				AA7BE7D11BA5225C00391D7C /* BlogDetail.m in Sources */,
				AA6B34D41BA3DE9A006A5741 /* TBXML+HTTP.m in Sources */,
				AA6B34DD1BA3F863006A5741 /* MsgDetail.m in Sources */,
				AAB61B521BA5A2B9000C68D0 /* QuestionCell.m in Sources */,
				AAB61B551BA5A4E7000C68D0 /* QuestionMsg.m in Sources */,
				AA6B34D31BA3DE9A006A5741 /* TBXML+Compression.m in Sources */,
				AA6B34D91BA3E36C006A5741 /* XMLParser.m in Sources */,
				AA7C66191BA2C84A0031774E /* main.m in Sources */,
				AAB61B4F1BA56C0F000C68D0 /* BlogDetailMsg.m in Sources */,
			);
			runOnlyForDeploymentPostprocessing = 0;
		};
		AA7C66281BA2C84A0031774E /* Sources */ = {
			isa = PBXSourcesBuildPhase;
			buildActionMask = 2147483647;
			files = (
				AA7C66331BA2C84A0031774E /* EosChinaTests.m in Sources */,
			);
			runOnlyForDeploymentPostprocessing = 0;
		};
/* End PBXSourcesBuildPhase section */

/* Begin PBXTargetDependency section */
		AA7C662E1BA2C84A0031774E /* PBXTargetDependency */ = {
			isa = PBXTargetDependency;
			target = AA7C66121BA2C84A0031774E /* EosChina */;
			targetProxy = AA7C662D1BA2C84A0031774E /* PBXContainerItemProxy */;
		};
/* End PBXTargetDependency section */

/* Begin PBXVariantGroup section */
		AA7C66201BA2C84A0031774E /* Main.storyboard */ = {
			isa = PBXVariantGroup;
			children = (
				AA7C66211BA2C84A0031774E /* Base */,
			);
			name = Main.storyboard;
			sourceTree = "<group>";
		};
		AA7C66251BA2C84A0031774E /* LaunchScreen.xib */ = {
			isa = PBXVariantGroup;
			children = (
				AA7C66261BA2C84A0031774E /* Base */,
			);
			name = LaunchScreen.xib;
			sourceTree = "<group>";
		};
/* End PBXVariantGroup section */

/* Begin XCBuildConfiguration section */
		AA7C66341BA2C84A0031774E /* Debug */ = {
			isa = XCBuildConfiguration;
			buildSettings = {
				ALWAYS_SEARCH_USER_PATHS = NO;
				CLANG_CXX_LANGUAGE_STANDARD = "gnu++0x";
				CLANG_CXX_LIBRARY = "libc++";
				CLANG_ENABLE_MODULES = YES;
				CLANG_ENABLE_OBJC_ARC = YES;
				CLANG_WARN_BOOL_CONVERSION = YES;
				CLANG_WARN_CONSTANT_CONVERSION = YES;
				CLANG_WARN_DIRECT_OBJC_ISA_USAGE = YES_ERROR;
				CLANG_WARN_EMPTY_BODY = YES;
				CLANG_WARN_ENUM_CONVERSION = YES;
				CLANG_WARN_INT_CONVERSION = YES;
				CLANG_WARN_OBJC_ROOT_CLASS = YES_ERROR;
				CLANG_WARN_UNREACHABLE_CODE = YES;
				CLANG_WARN__DUPLICATE_METHOD_MATCH = YES;
				"CODE_SIGN_IDENTITY[sdk=iphoneos*]" = "iPhone Developer";
				COPY_PHASE_STRIP = NO;
				DEBUG_INFORMATION_FORMAT = "dwarf-with-dsym";
				ENABLE_STRICT_OBJC_MSGSEND = YES;
				GCC_C_LANGUAGE_STANDARD = gnu99;
				GCC_DYNAMIC_NO_PIC = NO;
				GCC_NO_COMMON_BLOCKS = YES;
				GCC_OPTIMIZATION_LEVEL = 0;
				GCC_PREPROCESSOR_DEFINITIONS = (
					"DEBUG=1",
					"$(inherited)",
				);
				GCC_SYMBOLS_PRIVATE_EXTERN = NO;
				GCC_WARN_64_TO_32_BIT_CONVERSION = YES;
				GCC_WARN_ABOUT_RETURN_TYPE = YES_ERROR;
				GCC_WARN_UNDECLARED_SELECTOR = YES;
				GCC_WARN_UNINITIALIZED_AUTOS = YES_AGGRESSIVE;
				GCC_WARN_UNUSED_FUNCTION = YES;
				GCC_WARN_UNUSED_VARIABLE = YES;
				IPHONEOS_DEPLOYMENT_TARGET = 8.4;
				MTL_ENABLE_DEBUG_INFO = YES;
				ONLY_ACTIVE_ARCH = YES;
				SDKROOT = iphoneos;
			};
			name = Debug;
		};
		AA7C66351BA2C84A0031774E /* Release */ = {
			isa = XCBuildConfiguration;
			buildSettings = {
				ALWAYS_SEARCH_USER_PATHS = NO;
				CLANG_CXX_LANGUAGE_STANDARD = "gnu++0x";
				CLANG_CXX_LIBRARY = "libc++";
				CLANG_ENABLE_MODULES = YES;
				CLANG_ENABLE_OBJC_ARC = YES;
				CLANG_WARN_BOOL_CONVERSION = YES;
				CLANG_WARN_CONSTANT_CONVERSION = YES;
				CLANG_WARN_DIRECT_OBJC_ISA_USAGE = YES_ERROR;
				CLANG_WARN_EMPTY_BODY = YES;
				CLANG_WARN_ENUM_CONVERSION = YES;
				CLANG_WARN_INT_CONVERSION = YES;
				CLANG_WARN_OBJC_ROOT_CLASS = YES_ERROR;
				CLANG_WARN_UNREACHABLE_CODE = YES;
				CLANG_WARN__DUPLICATE_METHOD_MATCH = YES;
				"CODE_SIGN_IDENTITY[sdk=iphoneos*]" = "iPhone Developer";
				COPY_PHASE_STRIP = NO;
				DEBUG_INFORMATION_FORMAT = "dwarf-with-dsym";
				ENABLE_NS_ASSERTIONS = NO;
				ENABLE_STRICT_OBJC_MSGSEND = YES;
				GCC_C_LANGUAGE_STANDARD = gnu99;
				GCC_NO_COMMON_BLOCKS = YES;
				GCC_WARN_64_TO_32_BIT_CONVERSION = YES;
				GCC_WARN_ABOUT_RETURN_TYPE = YES_ERROR;
				GCC_WARN_UNDECLARED_SELECTOR = YES;
				GCC_WARN_UNINITIALIZED_AUTOS = YES_AGGRESSIVE;
				GCC_WARN_UNUSED_FUNCTION = YES;
				GCC_WARN_UNUSED_VARIABLE = YES;
				IPHONEOS_DEPLOYMENT_TARGET = 8.4;
				MTL_ENABLE_DEBUG_INFO = NO;
				SDKROOT = iphoneos;
				VALIDATE_PRODUCT = YES;
			};
			name = Release;
		};
		AA7C66371BA2C84A0031774E /* Debug */ = {
			isa = XCBuildConfiguration;
			baseConfigurationReference = C7E6804EDCA3D9BE0E26E2A3 /* Pods.debug.xcconfig */;
			buildSettings = {
				ASSETCATALOG_COMPILER_APPICON_NAME = AppIcon;
				GCC_PRECOMPILE_PREFIX_HEADER = YES;
				INFOPLIST_FILE = EosChina/Info.plist;
				LD_RUNPATH_SEARCH_PATHS = "$(inherited) @executable_path/Frameworks";
				PRODUCT_NAME = "$(TARGET_NAME)";
			};
			name = Debug;
		};
		AA7C66381BA2C84A0031774E /* Release */ = {
			isa = XCBuildConfiguration;
			baseConfigurationReference = 6907C347020441D65F837FC9 /* Pods.release.xcconfig */;
			buildSettings = {
				ASSETCATALOG_COMPILER_APPICON_NAME = AppIcon;
				GCC_PRECOMPILE_PREFIX_HEADER = YES;
				INFOPLIST_FILE = EosChina/Info.plist;
				LD_RUNPATH_SEARCH_PATHS = "$(inherited) @executable_path/Frameworks";
				PRODUCT_NAME = "$(TARGET_NAME)";
			};
			name = Release;
		};
		AA7C663A1BA2C84A0031774E /* Debug */ = {
			isa = XCBuildConfiguration;
			buildSettings = {
				BUNDLE_LOADER = "$(TEST_HOST)";
				FRAMEWORK_SEARCH_PATHS = (
					"$(SDKROOT)/Developer/Library/Frameworks",
					"$(inherited)",
				);
				GCC_PREPROCESSOR_DEFINITIONS = (
					"DEBUG=1",
					"$(inherited)",
				);
				INFOPLIST_FILE = EosChinaTests/Info.plist;
				LD_RUNPATH_SEARCH_PATHS = "$(inherited) @executable_path/Frameworks @loader_path/Frameworks";
				PRODUCT_NAME = "$(TARGET_NAME)";
				TEST_HOST = "$(BUILT_PRODUCTS_DIR)/EosChina.app/EosChina";
			};
			name = Debug;
		};
		AA7C663B1BA2C84A0031774E /* Release */ = {
			isa = XCBuildConfiguration;
			buildSettings = {
				BUNDLE_LOADER = "$(TEST_HOST)";
				FRAMEWORK_SEARCH_PATHS = (
					"$(SDKROOT)/Developer/Library/Frameworks",
					"$(inherited)",
				);
				INFOPLIST_FILE = EosChinaTests/Info.plist;
				LD_RUNPATH_SEARCH_PATHS = "$(inherited) @executable_path/Frameworks @loader_path/Frameworks";
				PRODUCT_NAME = "$(TARGET_NAME)";
				TEST_HOST = "$(BUILT_PRODUCTS_DIR)/EosChina.app/EosChina";
			};
			name = Release;
		};
/* End XCBuildConfiguration section */

/* Begin XCConfigurationList section */
		AA7C660E1BA2C84A0031774E /* Build configuration list for PBXProject "EosChina" */ = {
			isa = XCConfigurationList;
			buildConfigurations = (
				AA7C66341BA2C84A0031774E /* Debug */,
				AA7C66351BA2C84A0031774E /* Release */,
			);
			defaultConfigurationIsVisible = 0;
			defaultConfigurationName = Release;
		};
		AA7C66361BA2C84A0031774E /* Build configuration list for PBXNativeTarget "EosChina" */ = {
			isa = XCConfigurationList;
			buildConfigurations = (
				AA7C66371BA2C84A0031774E /* Debug */,
				AA7C66381BA2C84A0031774E /* Release */,
			);
			defaultConfigurationIsVisible = 0;
			defaultConfigurationName = Release;
		};
		AA7C66391BA2C84A0031774E /* Build configuration list for PBXNativeTarget "EosChinaTests" */ = {
			isa = XCConfigurationList;
			buildConfigurations = (
				AA7C663A1BA2C84A0031774E /* Debug */,
				AA7C663B1BA2C84A0031774E /* Release */,
			);
			defaultConfigurationIsVisible = 0;
			defaultConfigurationName = Release;
		};
/* End XCConfigurationList section */
	};
	rootObject = AA7C660B1BA2C84A0031774E /* Project object */;
}
